
Microsoft Visual Studio Solution File, Format Version 12.00
# Visual Studio Version 16
VisualStudioVersion = 16.0.30804.86
MinimumVisualStudioVersion = 10.0.40219.1
Project("{2150E333-8FDC-42A3-9474-1A3956D46DE8}") = "src", "src", "{BBCC3835-3395-4EE0-9B10-B3994E36A030}"
EndProject
Project("{2150E333-8FDC-42A3-9474-1A3956D46DE8}") = "tests", "tests", "{F3C396FA-0046-4E59-BC07-F21EF901BF98}"
EndProject
Project("{2150E333-8FDC-42A3-9474-1A3956D46DE8}") = "Web.API", "Web.API", "{3C3BECEF-D524-4A1C-B982-75834D6BAC4B}"
EndProject
Project("{2150E333-8FDC-42A3-9474-1A3956D46DE8}") = "Web.Client", "Web.Client", "{7FE3B903-0847-4E4F-B9D2-A4B28536BD22}"
EndProject
Project("{9A19103F-16F7-4668-BE54-9A1E7A4F7556}") = "MyMusic.API", "MyMusic.API\MyMusic.API.csproj", "{104E2066-2D14-4CAE-A65B-1B7FBB0ACC71}"
EndProject
Project("{9A19103F-16F7-4668-BE54-9A1E7A4F7556}") = "MyMusic.Core", "MyMusic.Core\MyMusic.Core.csproj", "{F1976F2A-4D96-49E8-8E58-928594D10C7B}"
EndProject
Project("{9A19103F-16F7-4668-BE54-9A1E7A4F7556}") = "MyMusic.Services", "MyMusic.Services\MyMusic.Services.csproj", "{B306699F-3D70-4371-AA22-C1A67DD17D87}"
EndProject
Project("{9A19103F-16F7-4668-BE54-9A1E7A4F7556}") = "MyMusic.Data", "MyMusic.Data\MyMusic.Data.csproj", "{8A37D6FF-DAA5-4883-A5F7-EBA6ED634652}"
EndProject
Project("{9A19103F-16F7-4668-BE54-9A1E7A4F7556}") = "MyMusic.Data.MongoDB", "MyMusic.Data.MongoDB\MyMusic.Data.MongoDB.csproj", "{EBD3DE17-7BD2-4021-9ECC-640EE3D6A721}"
EndProject
Project("{FAE04EC0-301F-11D3-BF4B-00C04F79EFBC}") = "MyMusicMvc", "MyMusicMvc\MyMusicMvc.csproj", "{519FAA29-5088-49AE-99CA-4567DDDC5BFD}"
EndProject
Global
	GlobalSection(SolutionConfigurationPlatforms) = preSolution
		Debug|Any CPU = Debug|Any CPU
		Release|Any CPU = Release|Any CPU
	EndGlobalSection
	GlobalSection(ProjectConfigurationPlatforms) = postSolution
		{104E2066-2D14-4CAE-A65B-1B7FBB0ACC71}.Debug|Any CPU.ActiveCfg = Debug|Any CPU
		{104E2066-2D14-4CAE-A65B-1B7FBB0ACC71}.Debug|Any CPU.Build.0 = Debug|Any CPU
		{104E2066-2D14-4CAE-A65B-1B7FBB0ACC71}.Release|Any CPU.ActiveCfg = Release|Any CPU
		{104E2066-2D14-4CAE-A65B-1B7FBB0ACC71}.Release|Any CPU.Build.0 = Release|Any CPU
		{F1976F2A-4D96-49E8-8E58-928594D10C7B}.Debug|Any CPU.ActiveCfg = Debug|Any CPU
		{F1976F2A-4D96-49E8-8E58-928594D10C7B}.Debug|Any CPU.Build.0 = Debug|Any CPU
		{F1976F2A-4D96-49E8-8E58-928594D10C7B}.Release|Any CPU.ActiveCfg = Release|Any CPU
		{F1976F2A-4D96-49E8-8E58-928594D10C7B}.Release|Any CPU.Build.0 = Release|Any CPU
		{B306699F-3D70-4371-AA22-C1A67DD17D87}.Debug|Any CPU.ActiveCfg = Debug|Any CPU
		{B306699F-3D70-4371-AA22-C1A67DD17D87}.Debug|Any CPU.Build.0 = Debug|Any CPU
		{B306699F-3D70-4371-AA22-C1A67DD17D87}.Release|Any CPU.ActiveCfg = Release|Any CPU
		{B306699F-3D70-4371-AA22-C1A67DD17D87}.Release|Any CPU.Build.0 = Release|Any CPU
		{8A37D6FF-DAA5-4883-A5F7-EBA6ED634652}.Debug|Any CPU.ActiveCfg = Debug|Any CPU
		{8A37D6FF-DAA5-4883-A5F7-EBA6ED634652}.Debug|Any CPU.Build.0 = Debug|Any CPU
		{8A37D6FF-DAA5-4883-A5F7-EBA6ED634652}.Release|Any CPU.ActiveCfg = Release|Any CPU
		{8A37D6FF-DAA5-4883-A5F7-EBA6ED634652}.Release|Any CPU.Build.0 = Release|Any CPU
		{EBD3DE17-7BD2-4021-9ECC-640EE3D6A721}.Debug|Any CPU.ActiveCfg = Debug|Any CPU
		{EBD3DE17-7BD2-4021-9ECC-640EE3D6A721}.Debug|Any CPU.Build.0 = Debug|Any CPU
		{EBD3DE17-7BD2-4021-9ECC-640EE3D6A721}.Release|Any CPU.ActiveCfg = Release|Any CPU
		{EBD3DE17-7BD2-4021-9ECC-640EE3D6A721}.Release|Any CPU.Build.0 = Release|Any CPU
		{519FAA29-5088-49AE-99CA-4567DDDC5BFD}.Debug|Any CPU.ActiveCfg = Debug|Any CPU
		{519FAA29-5088-49AE-99CA-4567DDDC5BFD}.Debug|Any CPU.Build.0 = Debug|Any CPU
		{519FAA29-5088-49AE-99CA-4567DDDC5BFD}.Release|Any CPU.ActiveCfg = Release|Any CPU
		{519FAA29-5088-49AE-99CA-4567DDDC5BFD}.Release|Any CPU.Build.0 = Release|Any CPU
	EndGlobalSection
	GlobalSection(SolutionProperties) = preSolution
		HideSolutionNode = FALSE
	EndGlobalSection
	GlobalSection(NestedProjects) = preSolution
		{3C3BECEF-D524-4A1C-B982-75834D6BAC4B} = {BBCC3835-3395-4EE0-9B10-B3994E36A030}
		{7FE3B903-0847-4E4F-B9D2-A4B28536BD22} = {BBCC3835-3395-4EE0-9B10-B3994E36A030}
		{104E2066-2D14-4CAE-A65B-1B7FBB0ACC71} = {3C3BECEF-D524-4A1C-B982-75834D6BAC4B}
		{F1976F2A-4D96-49E8-8E58-928594D10C7B} = {3C3BECEF-D524-4A1C-B982-75834D6BAC4B}
		{B306699F-3D70-4371-AA22-C1A67DD17D87} = {3C3BECEF-D524-4A1C-B982-75834D6BAC4B}
		{8A37D6FF-DAA5-4883-A5F7-EBA6ED634652} = {3C3BECEF-D524-4A1C-B982-75834D6BAC4B}
		{EBD3DE17-7BD2-4021-9ECC-640EE3D6A721} = {3C3BECEF-D524-4A1C-B982-75834D6BAC4B}
		{519FAA29-5088-49AE-99CA-4567DDDC5BFD} = {7FE3B903-0847-4E4F-B9D2-A4B28536BD22}
	EndGlobalSection
	GlobalSection(ExtensibilityGlobals) = postSolution
		SolutionGuid = {B6753065-CCBB-40F5-A795-819E4251FF99}
	EndGlobalSection
EndGlobal
